
Microsoft Visual Studio Solution File, Format Version 12.00
# Visual Studio Version 17
VisualStudioVersion = 17.9.34728.123
MinimumVisualStudioVersion = 10.0.40219.1
Project("{9A19103F-16F7-4668-BE54-9A1E7A4F7556}") = "MaternityHospital.API", "MaternityHospital.API\MaternityHospital.API.csproj", "{4877B564-0914-49C6-BB95-C283C96DC1F1}"
EndProject
Project("{FAE04EC0-301F-11D3-BF4B-00C04F79EFBC}") = "MaternityHospital.Test", "MaternityHospital.Test\MaternityHospital.Test.csproj", "{7AFADA98-FE63-4651-AAB1-1719E5D27379}"
EndProject
Project("{E53339B2-1760-4266-BCC7-CA923CBCF16C}") = "docker-compose", "docker-compose.dcproj", "{A30FD4E4-5259-43FC-A418-C7543BC9DF97}"
EndProject
Project("{FAE04EC0-301F-11D3-BF4B-00C04F79EFBC}") = "MaternityHospital.Domain", "MaternityHospital.Domain\MaternityHospital.Domain.csproj", "{343C891B-6A47-417A-8C9F-91659060E043}"
EndProject
Project("{FAE04EC0-301F-11D3-BF4B-00C04F79EFBC}") = "MaternityHospital.Application", "MaternityHospital.Application\MaternityHospital.Application.csproj", "{34A5F03F-7E46-471C-995F-E793CDAEC1D6}"
EndProject
Project("{FAE04EC0-301F-11D3-BF4B-00C04F79EFBC}") = "MaternityHospital.Infrastructure", "MaternityHospital.Infrastructure\MaternityHospital.Infrastructure.csproj", "{32F37F14-EA7E-4537-81CB-C93634FF89EE}"
EndProject
Global
	GlobalSection(SolutionConfigurationPlatforms) = preSolution
		Debug|Any CPU = Debug|Any CPU
		Release|Any CPU = Release|Any CPU
	EndGlobalSection
	GlobalSection(ProjectConfigurationPlatforms) = postSolution
		{4877B564-0914-49C6-BB95-C283C96DC1F1}.Debug|Any CPU.ActiveCfg = Debug|Any CPU
		{4877B564-0914-49C6-BB95-C283C96DC1F1}.Debug|Any CPU.Build.0 = Debug|Any CPU
		{4877B564-0914-49C6-BB95-C283C96DC1F1}.Release|Any CPU.ActiveCfg = Release|Any CPU
		{4877B564-0914-49C6-BB95-C283C96DC1F1}.Release|Any CPU.Build.0 = Release|Any CPU
		{7AFADA98-FE63-4651-AAB1-1719E5D27379}.Debug|Any CPU.ActiveCfg = Debug|Any CPU
		{7AFADA98-FE63-4651-AAB1-1719E5D27379}.Debug|Any CPU.Build.0 = Debug|Any CPU
		{7AFADA98-FE63-4651-AAB1-1719E5D27379}.Release|Any CPU.ActiveCfg = Release|Any CPU
		{7AFADA98-FE63-4651-AAB1-1719E5D27379}.Release|Any CPU.Build.0 = Release|Any CPU
		{A30FD4E4-5259-43FC-A418-C7543BC9DF97}.Debug|Any CPU.ActiveCfg = Debug|Any CPU
		{A30FD4E4-5259-43FC-A418-C7543BC9DF97}.Debug|Any CPU.Build.0 = Debug|Any CPU
		{A30FD4E4-5259-43FC-A418-C7543BC9DF97}.Release|Any CPU.ActiveCfg = Release|Any CPU
		{A30FD4E4-5259-43FC-A418-C7543BC9DF97}.Release|Any CPU.Build.0 = Release|Any CPU
		{343C891B-6A47-417A-8C9F-91659060E043}.Debug|Any CPU.ActiveCfg = Debug|Any CPU
		{343C891B-6A47-417A-8C9F-91659060E043}.Debug|Any CPU.Build.0 = Debug|Any CPU
		{343C891B-6A47-417A-8C9F-91659060E043}.Release|Any CPU.ActiveCfg = Release|Any CPU
		{343C891B-6A47-417A-8C9F-91659060E043}.Release|Any CPU.Build.0 = Release|Any CPU
		{34A5F03F-7E46-471C-995F-E793CDAEC1D6}.Debug|Any CPU.ActiveCfg = Debug|Any CPU
		{34A5F03F-7E46-471C-995F-E793CDAEC1D6}.Debug|Any CPU.Build.0 = Debug|Any CPU
		{34A5F03F-7E46-471C-995F-E793CDAEC1D6}.Release|Any CPU.ActiveCfg = Release|Any CPU
		{34A5F03F-7E46-471C-995F-E793CDAEC1D6}.Release|Any CPU.Build.0 = Release|Any CPU
		{32F37F14-EA7E-4537-81CB-C93634FF89EE}.Debug|Any CPU.ActiveCfg = Debug|Any CPU
		{32F37F14-EA7E-4537-81CB-C93634FF89EE}.Debug|Any CPU.Build.0 = Debug|Any CPU
		{32F37F14-EA7E-4537-81CB-C93634FF89EE}.Release|Any CPU.ActiveCfg = Release|Any CPU
		{32F37F14-EA7E-4537-81CB-C93634FF89EE}.Release|Any CPU.Build.0 = Release|Any CPU
	EndGlobalSection
	GlobalSection(SolutionProperties) = preSolution
		HideSolutionNode = FALSE
	EndGlobalSection
	GlobalSection(ExtensibilityGlobals) = postSolution
		SolutionGuid = {42776F8E-F46A-428A-9CD5-B95125AE0C30}
	EndGlobalSection
EndGlobal
